
Microsoft Visual Studio Solution File, Format Version 12.00
# Visual Studio 15
Project("{FAE04EC0-301F-11D3-BF4B-00C04F79EFBC}") = "Assembly-CSharp", "Assembly-CSharp.csproj", "{5BBB5CB1-5748-0535-785D-3C65E2F13DC6}"
EndProject
Project("{FAE04EC0-301F-11D3-BF4B-00C04F79EFBC}") = "Edgegap", "Edgegap.csproj", "{04534005-51F0-640E-1C77-E0C6B43C136C}"
EndProject
Project("{FAE04EC0-301F-11D3-BF4B-00C04F79EFBC}") = "ThryAssemblyDefinition", "ThryAssemblyDefinition.csproj", "{90555A8E-7068-41A7-A359-C707FBFCB144}"
EndProject
Project("{FAE04EC0-301F-11D3-BF4B-00C04F79EFBC}") = "Mirror.Examples", "Mirror.Examples.csproj", "{A609FFD6-1D42-0D39-AC03-C1B94FEAF086}"
EndProject
Project("{FAE04EC0-301F-11D3-BF4B-00C04F79EFBC}") = "Assembly-CSharp-Editor", "Assembly-CSharp-Editor.csproj", "{94007C34-3B59-36AB-0571-B9D11517F602}"
EndProject
Project("{FAE04EC0-301F-11D3-BF4B-00C04F79EFBC}") = "Naelstrof.JigglePhysics", "Naelstrof.JigglePhysics.csproj", "{E7FBEA69-1316-4063-7EDB-526B2AF169CF}"
EndProject
Project("{FAE04EC0-301F-11D3-BF4B-00C04F79EFBC}") = "Mirror.Editor", "Mirror.Editor.csproj", "{C0BF29DF-D3F1-AEF1-106A-902105F8BC80}"
EndProject
Project("{FAE04EC0-301F-11D3-BF4B-00C04F79EFBC}") = "Poiyomi.ModularShaderSystem", "Poiyomi.ModularShaderSystem.csproj", "{BFCF5E57-4E1D-03A9-46F3-45BBDD51BBFA}"
EndProject
Project("{FAE04EC0-301F-11D3-BF4B-00C04F79EFBC}") = "Mirror.Components", "Mirror.Components.csproj", "{5D4309E8-A6EF-260E-DB96-C9E1D862ABE4}"
EndProject
Project("{FAE04EC0-301F-11D3-BF4B-00C04F79EFBC}") = "Mirror", "Mirror.csproj", "{147A39AB-CFF7-FFEC-4D37-5A6590D8FF9B}"
EndProject
Project("{FAE04EC0-301F-11D3-BF4B-00C04F79EFBC}") = "Unity.Mirror.CodeGen", "Unity.Mirror.CodeGen.csproj", "{A8232C9B-10B3-3DA2-B65F-C55C1334240B}"
EndProject
Project("{FAE04EC0-301F-11D3-BF4B-00C04F79EFBC}") = "SimpleWebTransport", "SimpleWebTransport.csproj", "{BD3BF026-52D2-6EA4-BF34-274AF1638FC6}"
EndProject
Project("{FAE04EC0-301F-11D3-BF4B-00C04F79EFBC}") = "Mirror.Transports", "Mirror.Transports.csproj", "{EF481176-EFE2-6A27-8C1F-A93ABF5BF0B3}"
EndProject
Project("{FAE04EC0-301F-11D3-BF4B-00C04F79EFBC}") = "Mirror.CompilerSymbols", "Mirror.CompilerSymbols.csproj", "{AD327320-0AB5-BEFB-3C28-FC131553B823}"
EndProject
Project("{FAE04EC0-301F-11D3-BF4B-00C04F79EFBC}") = "Telepathy", "Telepathy.csproj", "{8D7BF8CE-2345-D058-7167-9E9502BE3E9F}"
EndProject
Project("{FAE04EC0-301F-11D3-BF4B-00C04F79EFBC}") = "kcp2k", "kcp2k.csproj", "{36549DA2-7D20-39D5-3D9B-83B43CEC4754}"
EndProject
Project("{FAE04EC0-301F-11D3-BF4B-00C04F79EFBC}") = "Poi.Tools", "Poi.Tools.csproj", "{0DB37373-4182-AA76-D9E4-635BE451F0A2}"
EndProject
Project("{FAE04EC0-301F-11D3-BF4B-00C04F79EFBC}") = "EncryptionTransportEditor", "EncryptionTransportEditor.csproj", "{C4533136-2B6D-B74B-2725-5E358DD90131}"
EndProject
Project("{FAE04EC0-301F-11D3-BF4B-00C04F79EFBC}") = "Mirror.Authenticators", "Mirror.Authenticators.csproj", "{E341ECA8-41E0-B784-5FF7-ED30817AAA57}"
EndProject
Global
	GlobalSection(SolutionConfigurationPlatforms) = preSolution
		Debug|Any CPU = Debug|Any CPU
		Release|Any CPU = Release|Any CPU
	EndGlobalSection
	GlobalSection(ProjectConfigurationPlatforms) = postSolution
		{5BBB5CB1-5748-0535-785D-3C65E2F13DC6}.Debug|Any CPU.ActiveCfg = Debug|Any CPU
		{5BBB5CB1-5748-0535-785D-3C65E2F13DC6}.Debug|Any CPU.Build.0 = Debug|Any CPU
		{5BBB5CB1-5748-0535-785D-3C65E2F13DC6}.Release|Any CPU.ActiveCfg = Release|Any CPU
		{5BBB5CB1-5748-0535-785D-3C65E2F13DC6}.Release|Any CPU.Build.0 = Release|Any CPU
		{04534005-51F0-640E-1C77-E0C6B43C136C}.Debug|Any CPU.ActiveCfg = Debug|Any CPU
		{04534005-51F0-640E-1C77-E0C6B43C136C}.Debug|Any CPU.Build.0 = Debug|Any CPU
		{04534005-51F0-640E-1C77-E0C6B43C136C}.Release|Any CPU.ActiveCfg = Release|Any CPU
		{04534005-51F0-640E-1C77-E0C6B43C136C}.Release|Any CPU.Build.0 = Release|Any CPU
		{90555A8E-7068-41A7-A359-C707FBFCB144}.Debug|Any CPU.ActiveCfg = Debug|Any CPU
		{90555A8E-7068-41A7-A359-C707FBFCB144}.Debug|Any CPU.Build.0 = Debug|Any CPU
		{90555A8E-7068-41A7-A359-C707FBFCB144}.Release|Any CPU.ActiveCfg = Release|Any CPU
		{90555A8E-7068-41A7-A359-C707FBFCB144}.Release|Any CPU.Build.0 = Release|Any CPU
		{A609FFD6-1D42-0D39-AC03-C1B94FEAF086}.Debug|Any CPU.ActiveCfg = Debug|Any CPU
		{A609FFD6-1D42-0D39-AC03-C1B94FEAF086}.Debug|Any CPU.Build.0 = Debug|Any CPU
		{A609FFD6-1D42-0D39-AC03-C1B94FEAF086}.Release|Any CPU.ActiveCfg = Release|Any CPU
		{A609FFD6-1D42-0D39-AC03-C1B94FEAF086}.Release|Any CPU.Build.0 = Release|Any CPU
		{94007C34-3B59-36AB-0571-B9D11517F602}.Debug|Any CPU.ActiveCfg = Debug|Any CPU
		{94007C34-3B59-36AB-0571-B9D11517F602}.Debug|Any CPU.Build.0 = Debug|Any CPU
		{94007C34-3B59-36AB-0571-B9D11517F602}.Release|Any CPU.ActiveCfg = Release|Any CPU
		{94007C34-3B59-36AB-0571-B9D11517F602}.Release|Any CPU.Build.0 = Release|Any CPU
		{E7FBEA69-1316-4063-7EDB-526B2AF169CF}.Debug|Any CPU.ActiveCfg = Debug|Any CPU
		{E7FBEA69-1316-4063-7EDB-526B2AF169CF}.Debug|Any CPU.Build.0 = Debug|Any CPU
		{E7FBEA69-1316-4063-7EDB-526B2AF169CF}.Release|Any CPU.ActiveCfg = Release|Any CPU
		{E7FBEA69-1316-4063-7EDB-526B2AF169CF}.Release|Any CPU.Build.0 = Release|Any CPU
		{C0BF29DF-D3F1-AEF1-106A-902105F8BC80}.Debug|Any CPU.ActiveCfg = Debug|Any CPU
		{C0BF29DF-D3F1-AEF1-106A-902105F8BC80}.Debug|Any CPU.Build.0 = Debug|Any CPU
		{C0BF29DF-D3F1-AEF1-106A-902105F8BC80}.Release|Any CPU.ActiveCfg = Release|Any CPU
		{C0BF29DF-D3F1-AEF1-106A-902105F8BC80}.Release|Any CPU.Build.0 = Release|Any CPU
		{BFCF5E57-4E1D-03A9-46F3-45BBDD51BBFA}.Debug|Any CPU.ActiveCfg = Debug|Any CPU
		{BFCF5E57-4E1D-03A9-46F3-45BBDD51BBFA}.Debug|Any CPU.Build.0 = Debug|Any CPU
		{BFCF5E57-4E1D-03A9-46F3-45BBDD51BBFA}.Release|Any CPU.ActiveCfg = Release|Any CPU
		{BFCF5E57-4E1D-03A9-46F3-45BBDD51BBFA}.Release|Any CPU.Build.0 = Release|Any CPU
		{5D4309E8-A6EF-260E-DB96-C9E1D862ABE4}.Debug|Any CPU.ActiveCfg = Debug|Any CPU
		{5D4309E8-A6EF-260E-DB96-C9E1D862ABE4}.Debug|Any CPU.Build.0 = Debug|Any CPU
		{5D4309E8-A6EF-260E-DB96-C9E1D862ABE4}.Release|Any CPU.ActiveCfg = Release|Any CPU
		{5D4309E8-A6EF-260E-DB96-C9E1D862ABE4}.Release|Any CPU.Build.0 = Release|Any CPU
		{147A39AB-CFF7-FFEC-4D37-5A6590D8FF9B}.Debug|Any CPU.ActiveCfg = Debug|Any CPU
		{147A39AB-CFF7-FFEC-4D37-5A6590D8FF9B}.Debug|Any CPU.Build.0 = Debug|Any CPU
		{147A39AB-CFF7-FFEC-4D37-5A6590D8FF9B}.Release|Any CPU.ActiveCfg = Release|Any CPU
		{147A39AB-CFF7-FFEC-4D37-5A6590D8FF9B}.Release|Any CPU.Build.0 = Release|Any CPU
		{A8232C9B-10B3-3DA2-B65F-C55C1334240B}.Debug|Any CPU.ActiveCfg = Debug|Any CPU
		{A8232C9B-10B3-3DA2-B65F-C55C1334240B}.Debug|Any CPU.Build.0 = Debug|Any CPU
		{A8232C9B-10B3-3DA2-B65F-C55C1334240B}.Release|Any CPU.ActiveCfg = Release|Any CPU
		{A8232C9B-10B3-3DA2-B65F-C55C1334240B}.Release|Any CPU.Build.0 = Release|Any CPU
		{BD3BF026-52D2-6EA4-BF34-274AF1638FC6}.Debug|Any CPU.ActiveCfg = Debug|Any CPU
		{BD3BF026-52D2-6EA4-BF34-274AF1638FC6}.Debug|Any CPU.Build.0 = Debug|Any CPU
		{BD3BF026-52D2-6EA4-BF34-274AF1638FC6}.Release|Any CPU.ActiveCfg = Release|Any CPU
		{BD3BF026-52D2-6EA4-BF34-274AF1638FC6}.Release|Any CPU.Build.0 = Release|Any CPU
		{EF481176-EFE2-6A27-8C1F-A93ABF5BF0B3}.Debug|Any CPU.ActiveCfg = Debug|Any CPU
		{EF481176-EFE2-6A27-8C1F-A93ABF5BF0B3}.Debug|Any CPU.Build.0 = Debug|Any CPU
		{EF481176-EFE2-6A27-8C1F-A93ABF5BF0B3}.Release|Any CPU.ActiveCfg = Release|Any CPU
		{EF481176-EFE2-6A27-8C1F-A93ABF5BF0B3}.Release|Any CPU.Build.0 = Release|Any CPU
		{AD327320-0AB5-BEFB-3C28-FC131553B823}.Debug|Any CPU.ActiveCfg = Debug|Any CPU
		{AD327320-0AB5-BEFB-3C28-FC131553B823}.Debug|Any CPU.Build.0 = Debug|Any CPU
		{AD327320-0AB5-BEFB-3C28-FC131553B823}.Release|Any CPU.ActiveCfg = Release|Any CPU
		{AD327320-0AB5-BEFB-3C28-FC131553B823}.Release|Any CPU.Build.0 = Release|Any CPU
		{8D7BF8CE-2345-D058-7167-9E9502BE3E9F}.Debug|Any CPU.ActiveCfg = Debug|Any CPU
		{8D7BF8CE-2345-D058-7167-9E9502BE3E9F}.Debug|Any CPU.Build.0 = Debug|Any CPU
		{8D7BF8CE-2345-D058-7167-9E9502BE3E9F}.Release|Any CPU.ActiveCfg = Release|Any CPU
		{8D7BF8CE-2345-D058-7167-9E9502BE3E9F}.Release|Any CPU.Build.0 = Release|Any CPU
		{36549DA2-7D20-39D5-3D9B-83B43CEC4754}.Debug|Any CPU.ActiveCfg = Debug|Any CPU
		{36549DA2-7D20-39D5-3D9B-83B43CEC4754}.Debug|Any CPU.Build.0 = Debug|Any CPU
		{36549DA2-7D20-39D5-3D9B-83B43CEC4754}.Release|Any CPU.ActiveCfg = Release|Any CPU
		{36549DA2-7D20-39D5-3D9B-83B43CEC4754}.Release|Any CPU.Build.0 = Release|Any CPU
		{0DB37373-4182-AA76-D9E4-635BE451F0A2}.Debug|Any CPU.ActiveCfg = Debug|Any CPU
		{0DB37373-4182-AA76-D9E4-635BE451F0A2}.Debug|Any CPU.Build.0 = Debug|Any CPU
		{0DB37373-4182-AA76-D9E4-635BE451F0A2}.Release|Any CPU.ActiveCfg = Release|Any CPU
		{0DB37373-4182-AA76-D9E4-635BE451F0A2}.Release|Any CPU.Build.0 = Release|Any CPU
		{C4533136-2B6D-B74B-2725-5E358DD90131}.Debug|Any CPU.ActiveCfg = Debug|Any CPU
		{C4533136-2B6D-B74B-2725-5E358DD90131}.Debug|Any CPU.Build.0 = Debug|Any CPU
		{C4533136-2B6D-B74B-2725-5E358DD90131}.Release|Any CPU.ActiveCfg = Release|Any CPU
		{C4533136-2B6D-B74B-2725-5E358DD90131}.Release|Any CPU.Build.0 = Release|Any CPU
		{E341ECA8-41E0-B784-5FF7-ED30817AAA57}.Debug|Any CPU.ActiveCfg = Debug|Any CPU
		{E341ECA8-41E0-B784-5FF7-ED30817AAA57}.Debug|Any CPU.Build.0 = Debug|Any CPU
		{E341ECA8-41E0-B784-5FF7-ED30817AAA57}.Release|Any CPU.ActiveCfg = Release|Any CPU
		{E341ECA8-41E0-B784-5FF7-ED30817AAA57}.Release|Any CPU.Build.0 = Release|Any CPU
	EndGlobalSection
	GlobalSection(SolutionProperties) = preSolution
		HideSolutionNode = FALSE
	EndGlobalSection
EndGlobal
