
Microsoft Visual Studio Solution File, Format Version 11.00
# Visual Studio 2010
Project("{FAE04EC0-301F-11D3-BF4B-00C04F79EFBC}") = "Assembly-CSharp", "Assembly-CSharp.csproj", "{b15cbb5b-4857-3505-785d-3c65e2f13dc6}"
EndProject
Project("{FAE04EC0-301F-11D3-BF4B-00C04F79EFBC}") = "ThryAssemblyDefinition", "ThryAssemblyDefinition.csproj", "{8e5a5590-6870-a741-a359-c707fbfcb144}"
EndProject
Project("{FAE04EC0-301F-11D3-BF4B-00C04F79EFBC}") = "Naelstrof.JigglePhysics", "Naelstrof.JigglePhysics.csproj", "{69eafbe7-1613-6340-7edb-526b2af169cf}"
EndProject
Project("{FAE04EC0-301F-11D3-BF4B-00C04F79EFBC}") = "Assembly-CSharp-Editor", "Assembly-CSharp-Editor.csproj", "{347c0094-593b-ab36-0571-b9d11517f602}"
EndProject
Project("{FAE04EC0-301F-11D3-BF4B-00C04F79EFBC}") = "Poi.Tools", "Poi.Tools.csproj", "{7373b30d-8241-76aa-d9e4-635be451f0a2}"
EndProject
Project("{FAE04EC0-301F-11D3-BF4B-00C04F79EFBC}") = "Poiyomi.ModularShaderSystem", "Poiyomi.ModularShaderSystem.csproj", "{575ecfbf-1d4e-a903-46f3-45bbdd51bbfa}"
EndProject
Project("{FAE04EC0-301F-11D3-BF4B-00C04F79EFBC}") = "Runtime", "Runtime.csproj", "{4867d45d-7f22-9ba2-d1b2-c8deb330f2c4}"
EndProject
Global
	GlobalSection(SolutionConfigurationPlatforms) = preSolution
		Debug|Any CPU = Debug|Any CPU
	EndGlobalSection
	GlobalSection(ProjectConfigurationPlatforms) = postSolution
		{b15cbb5b-4857-3505-785d-3c65e2f13dc6}.Debug|Any CPU.ActiveCfg = Debug|Any CPU
		{b15cbb5b-4857-3505-785d-3c65e2f13dc6}.Debug|Any CPU.Build.0 = Debug|Any CPU
		{8e5a5590-6870-a741-a359-c707fbfcb144}.Debug|Any CPU.ActiveCfg = Debug|Any CPU
		{8e5a5590-6870-a741-a359-c707fbfcb144}.Debug|Any CPU.Build.0 = Debug|Any CPU
		{69eafbe7-1613-6340-7edb-526b2af169cf}.Debug|Any CPU.ActiveCfg = Debug|Any CPU
		{69eafbe7-1613-6340-7edb-526b2af169cf}.Debug|Any CPU.Build.0 = Debug|Any CPU
		{347c0094-593b-ab36-0571-b9d11517f602}.Debug|Any CPU.ActiveCfg = Debug|Any CPU
		{347c0094-593b-ab36-0571-b9d11517f602}.Debug|Any CPU.Build.0 = Debug|Any CPU
		{7373b30d-8241-76aa-d9e4-635be451f0a2}.Debug|Any CPU.ActiveCfg = Debug|Any CPU
		{7373b30d-8241-76aa-d9e4-635be451f0a2}.Debug|Any CPU.Build.0 = Debug|Any CPU
		{575ecfbf-1d4e-a903-46f3-45bbdd51bbfa}.Debug|Any CPU.ActiveCfg = Debug|Any CPU
		{575ecfbf-1d4e-a903-46f3-45bbdd51bbfa}.Debug|Any CPU.Build.0 = Debug|Any CPU
		{4867d45d-7f22-9ba2-d1b2-c8deb330f2c4}.Debug|Any CPU.ActiveCfg = Debug|Any CPU
		{4867d45d-7f22-9ba2-d1b2-c8deb330f2c4}.Debug|Any CPU.Build.0 = Debug|Any CPU
	EndGlobalSection
	GlobalSection(SolutionProperties) = preSolution
		HideSolutionNode = FALSE
	EndGlobalSection
EndGlobal
