
Microsoft Visual Studio Solution File, Format Version 12.00
# Visual Studio 15
Project("{FAE04EC0-301F-11D3-BF4B-00C04F79EFBC}") = "Assembly-CSharp", "Assembly-CSharp.csproj", "{5BBB5CB1-5748-0535-785D-3C65E2F13DC6}"
EndProject
Project("{FAE04EC0-301F-11D3-BF4B-00C04F79EFBC}") = "Naelstrof.JigglePhysics", "Naelstrof.JigglePhysics.csproj", "{E7FBEA69-1316-4063-7EDB-526B2AF169CF}"
EndProject
Project("{FAE04EC0-301F-11D3-BF4B-00C04F79EFBC}") = "Assembly-CSharp-Editor", "Assembly-CSharp-Editor.csproj", "{94007C34-3B59-36AB-0571-B9D11517F602}"
EndProject
Global
	GlobalSection(SolutionConfigurationPlatforms) = preSolution
		Debug|Any CPU = Debug|Any CPU
		Release|Any CPU = Release|Any CPU
	EndGlobalSection
	GlobalSection(ProjectConfigurationPlatforms) = postSolution
		{5BBB5CB1-5748-0535-785D-3C65E2F13DC6}.Debug|Any CPU.ActiveCfg = Debug|Any CPU
		{5BBB5CB1-5748-0535-785D-3C65E2F13DC6}.Debug|Any CPU.Build.0 = Debug|Any CPU
		{5BBB5CB1-5748-0535-785D-3C65E2F13DC6}.Release|Any CPU.ActiveCfg = Release|Any CPU
		{5BBB5CB1-5748-0535-785D-3C65E2F13DC6}.Release|Any CPU.Build.0 = Release|Any CPU
		{E7FBEA69-1316-4063-7EDB-526B2AF169CF}.Debug|Any CPU.ActiveCfg = Debug|Any CPU
		{E7FBEA69-1316-4063-7EDB-526B2AF169CF}.Debug|Any CPU.Build.0 = Debug|Any CPU
		{E7FBEA69-1316-4063-7EDB-526B2AF169CF}.Release|Any CPU.ActiveCfg = Release|Any CPU
		{E7FBEA69-1316-4063-7EDB-526B2AF169CF}.Release|Any CPU.Build.0 = Release|Any CPU
		{94007C34-3B59-36AB-0571-B9D11517F602}.Debug|Any CPU.ActiveCfg = Debug|Any CPU
		{94007C34-3B59-36AB-0571-B9D11517F602}.Debug|Any CPU.Build.0 = Debug|Any CPU
		{94007C34-3B59-36AB-0571-B9D11517F602}.Release|Any CPU.ActiveCfg = Release|Any CPU
		{94007C34-3B59-36AB-0571-B9D11517F602}.Release|Any CPU.Build.0 = Release|Any CPU
	EndGlobalSection
	GlobalSection(SolutionProperties) = preSolution
		HideSolutionNode = FALSE
	EndGlobalSection
EndGlobal
